
Microsoft Visual Studio Solution File, Format Version 12.00
# Visual Studio Version 16
VisualStudioVersion = 16.0.29306.81
MinimumVisualStudioVersion = 10.0.40219.1
Project("{FAE04EC0-301F-11D3-BF4B-00C04F79EFBC}") = "SteamSnooperGUI", "Snooper\SteamSnooperGUI.csproj", "{E47EF911-BC3B-4C5E-B3AE-B334A3B4EA1B}"
EndProject
Global
	GlobalSection(SolutionConfigurationPlatforms) = preSolution
		Debug|Any CPU = Debug|Any CPU
		Release|Any CPU = Release|Any CPU
	EndGlobalSection
	GlobalSection(ProjectConfigurationPlatforms) = postSolution
		{E47EF911-BC3B-4C5E-B3AE-B334A3B4EA1B}.Debug|Any CPU.ActiveCfg = Debug|Any CPU
		{E47EF911-BC3B-4C5E-B3AE-B334A3B4EA1B}.Debug|Any CPU.Build.0 = Debug|Any CPU
		{E47EF911-BC3B-4C5E-B3AE-B334A3B4EA1B}.Release|Any CPU.ActiveCfg = Release|Any CPU
		{E47EF911-BC3B-4C5E-B3AE-B334A3B4EA1B}.Release|Any CPU.Build.0 = Release|Any CPU
	EndGlobalSection
	GlobalSection(SolutionProperties) = preSolution
		HideSolutionNode = FALSE
	EndGlobalSection
	GlobalSection(ExtensibilityGlobals) = postSolution
		SolutionGuid = {57E7380A-A5F5-49E4-81D0-FFED5D5AB2C2}
	EndGlobalSection
EndGlobal
